{
  "name": "gabom-react",
  "version": "1.0.0",
  "lockfileVersion": 3,
  "requires": true,
  "packages": {
    "": {
      "name": "gabom-react",
      "version": "1.0.0",
      "license": "ISC",
      "engines": {
        "node": ">=22.0.0",
        "npm": ">=9.0.0",
        "vscode": ">=1.9.0"
      }
    }
  }
}
